[[package]]
category = "main"
description = "Composable command line interface toolkit"
name = "click"
optional = false
python-versions = ">=2.7, !=3.0.*, !=3.1.*, !=3.2.*, !=3.3.*"
version = "7.0"

[[package]]
category = "main"
description = "Fast, Extensible Progress Meter"
name = "tqdm"
optional = false
python-versions = ">=2.6, !=3.0.*, !=3.1.*"
version = "4.31.1"

[metadata]
content-hash = "e917517c16daa0e75e40a4de190c2ea322647959ebb012db365f214feb45b047"
python-versions = "^3.6"

[metadata.hashes]
click = ["2335065e6395b9e67ca716de5f7526736bfa6ceead690adf616d925bdc622b13", "5b94b49521f6456670fdb30cd82a4eca9412788a93fa6dd6df72c94d5a8ff2d7"]
tqdm = ["d385c95361699e5cf7622485d9b9eae2d4864b21cd5a2374a9c381ffed701021", "e22977e3ebe961f72362f6ddfb9197cc531c9737aaf5f607ef09740c849ecd05"]
